// !$*UTF8*$!
{
	archiveVersion = 1;
	classes = {
	};
	objectVersion = 56;
	objects = {

/* Begin PBXBuildFile section */
		EBA6A1392B23274D0073B910 /* AppDelegate.swift in Sources */ = {isa = PBXBuildFile; fileRef = EBA6A1382B23274D0073B910 /* AppDelegate.swift */; };
		EBA6A13B2B23274D0073B910 /* SceneDelegate.swift in Sources */ = {isa = PBXBuildFile; fileRef = EBA6A13A2B23274D0073B910 /* SceneDelegate.swift */; };
		EBA6A13D2B23274D0073B910 /* HomeViewController.swift in Sources */ = {isa = PBXBuildFile; fileRef = EBA6A13C2B23274D0073B910 /* HomeViewController.swift */; };
		EBA6A1422B23274F0073B910 /* Assets.xcassets in Resources */ = {isa = PBXBuildFile; fileRef = EBA6A1412B23274F0073B910 /* Assets.xcassets */; };
		EBA6A1452B23274F0073B910 /* LaunchScreen.storyboard in Resources */ = {isa = PBXBuildFile; fileRef = EBA6A1432B23274F0073B910 /* LaunchScreen.storyboard */; };
		EBA6A14D2B2329280073B910 /* HomeView.swift in Sources */ = {isa = PBXBuildFile; fileRef = EBA6A14C2B2329280073B910 /* HomeView.swift */; };
		EBA6A1542B23344C0073B910 /* Inter-SemiBold.ttf in Resources */ = {isa = PBXBuildFile; fileRef = EBA6A14F2B23344C0073B910 /* Inter-SemiBold.ttf */; };
		EBA6A1552B23344C0073B910 /* Inter-Light.ttf in Resources */ = {isa = PBXBuildFile; fileRef = EBA6A1502B23344C0073B910 /* Inter-Light.ttf */; };
		EBA6A1562B23344C0073B910 /* Inter-Medium.ttf in Resources */ = {isa = PBXBuildFile; fileRef = EBA6A1512B23344C0073B910 /* Inter-Medium.ttf */; };
		EBA6A1572B23344C0073B910 /* Inter-Bold.ttf in Resources */ = {isa = PBXBuildFile; fileRef = EBA6A1522B23344C0073B910 /* Inter-Bold.ttf */; };
		EBA6A1582B23344C0073B910 /* Inter-Regular.ttf in Resources */ = {isa = PBXBuildFile; fileRef = EBA6A1532B23344C0073B910 /* Inter-Regular.ttf */; };
		EBA6A15C2B233A840073B910 /* Extension+Font.swift in Sources */ = {isa = PBXBuildFile; fileRef = EBA6A15B2B233A840073B910 /* Extension+Font.swift */; };
		EBA6A15E2B233D050073B910 /* Poppins-Regular.ttf in Resources */ = {isa = PBXBuildFile; fileRef = EBA6A15D2B233D050073B910 /* Poppins-Regular.ttf */; };
		EBA6A1602B233D0C0073B910 /* Poppins-Bold.ttf in Resources */ = {isa = PBXBuildFile; fileRef = EBA6A15F2B233D0C0073B910 /* Poppins-Bold.ttf */; };
/* End PBXBuildFile section */

/* Begin PBXFileReference section */
		EBA6A1352B23274D0073B910 /* PocClosures.app */ = {isa = PBXFileReference; explicitFileType = wrapper.application; includeInIndex = 0; path = PocClosures.app; sourceTree = BUILT_PRODUCTS_DIR; };
		EBA6A1382B23274D0073B910 /* AppDelegate.swift */ = {isa = PBXFileReference; lastKnownFileType = sourcecode.swift; path = AppDelegate.swift; sourceTree = "<group>"; };
		EBA6A13A2B23274D0073B910 /* SceneDelegate.swift */ = {isa = PBXFileReference; lastKnownFileType = sourcecode.swift; path = SceneDelegate.swift; sourceTree = "<group>"; };
		EBA6A13C2B23274D0073B910 /* HomeViewController.swift */ = {isa = PBXFileReference; lastKnownFileType = sourcecode.swift; path = HomeViewController.swift; sourceTree = "<group>"; };
		EBA6A1412B23274F0073B910 /* Assets.xcassets */ = {isa = PBXFileReference; lastKnownFileType = folder.assetcatalog; path = Assets.xcassets; sourceTree = "<group>"; };
		EBA6A1442B23274F0073B910 /* Base */ = {isa = PBXFileReference; lastKnownFileType = file.storyboard; name = Base; path = Base.lproj/LaunchScreen.storyboard; sourceTree = "<group>"; };
		EBA6A1462B23274F0073B910 /* Info.plist */ = {isa = PBXFileReference; lastKnownFileType = text.plist.xml; path = Info.plist; sourceTree = "<group>"; };
		EBA6A14C2B2329280073B910 /* HomeView.swift */ = {isa = PBXFileReference; lastKnownFileType = sourcecode.swift; path = HomeView.swift; sourceTree = "<group>"; };
		EBA6A14F2B23344C0073B910 /* Inter-SemiBold.ttf */ = {isa = PBXFileReference; lastKnownFileType = file; path = "Inter-SemiBold.ttf"; sourceTree = "<group>"; };
		EBA6A1502B23344C0073B910 /* Inter-Light.ttf */ = {isa = PBXFileReference; lastKnownFileType = file; path = "Inter-Light.ttf"; sourceTree = "<group>"; };
		EBA6A1512B23344C0073B910 /* Inter-Medium.ttf */ = {isa = PBXFileReference; lastKnownFileType = file; path = "Inter-Medium.ttf"; sourceTree = "<group>"; };
		EBA6A1522B23344C0073B910 /* Inter-Bold.ttf */ = {isa = PBXFileReference; lastKnownFileType = file; path = "Inter-Bold.ttf"; sourceTree = "<group>"; };
		EBA6A1532B23344C0073B910 /* Inter-Regular.ttf */ = {isa = PBXFileReference; lastKnownFileType = file; path = "Inter-Regular.ttf"; sourceTree = "<group>"; };
		EBA6A15B2B233A840073B910 /* Extension+Font.swift */ = {isa = PBXFileReference; lastKnownFileType = sourcecode.swift; path = "Extension+Font.swift"; sourceTree = "<group>"; };
		EBA6A15D2B233D050073B910 /* Poppins-Regular.ttf */ = {isa = PBXFileReference; lastKnownFileType = file; path = "Poppins-Regular.ttf"; sourceTree = "<group>"; };
		EBA6A15F2B233D0C0073B910 /* Poppins-Bold.ttf */ = {isa = PBXFileReference; lastKnownFileType = file; path = "Poppins-Bold.ttf"; sourceTree = "<group>"; };
/* End PBXFileReference section */

/* Begin PBXFrameworksBuildPhase section */
		EBA6A1322B23274D0073B910 /* Frameworks */ = {
			isa = PBXFrameworksBuildPhase;
			buildActionMask = 2147483647;
			files = (
			);
			runOnlyForDeploymentPostprocessing = 0;
		};
/* End PBXFrameworksBuildPhase section */

/* Begin PBXGroup section */
		EBA6A12C2B23274D0073B910 = {
			isa = PBXGroup;
			children = (
				EBA6A1372B23274D0073B910 /* PocClosures */,
				EBA6A1362B23274D0073B910 /* Products */,
			);
			sourceTree = "<group>";
		};
		EBA6A1362B23274D0073B910 /* Products */ = {
			isa = PBXGroup;
			children = (
				EBA6A1352B23274D0073B910 /* PocClosures.app */,
			);
			name = Products;
			sourceTree = "<group>";
		};
		EBA6A1372B23274D0073B910 /* PocClosures */ = {
			isa = PBXGroup;
			children = (
				EBA6A14E2B2334110073B910 /* Fonts */,
				EBA6A14C2B2329280073B910 /* HomeView.swift */,
				EBA6A1382B23274D0073B910 /* AppDelegate.swift */,
				EBA6A13A2B23274D0073B910 /* SceneDelegate.swift */,
				EBA6A13C2B23274D0073B910 /* HomeViewController.swift */,
				EBA6A1412B23274F0073B910 /* Assets.xcassets */,
				EBA6A1432B23274F0073B910 /* LaunchScreen.storyboard */,
				EBA6A1462B23274F0073B910 /* Info.plist */,
				EBA6A15B2B233A840073B910 /* Extension+Font.swift */,
			);
			path = PocClosures;
			sourceTree = "<group>";
		};
		EBA6A14E2B2334110073B910 /* Fonts */ = {
			isa = PBXGroup;
			children = (
				EBA6A15F2B233D0C0073B910 /* Poppins-Bold.ttf */,
				EBA6A15D2B233D050073B910 /* Poppins-Regular.ttf */,
				EBA6A1522B23344C0073B910 /* Inter-Bold.ttf */,
				EBA6A1502B23344C0073B910 /* Inter-Light.ttf */,
				EBA6A1512B23344C0073B910 /* Inter-Medium.ttf */,
				EBA6A1532B23344C0073B910 /* Inter-Regular.ttf */,
				EBA6A14F2B23344C0073B910 /* Inter-SemiBold.ttf */,
			);
			path = Fonts;
			sourceTree = "<group>";
		};
/* End PBXGroup section */

/* Begin PBXNativeTarget section */
		EBA6A1342B23274D0073B910 /* PocClosures */ = {
			isa = PBXNativeTarget;
			buildConfigurationList = EBA6A1492B23274F0073B910 /* Build configuration list for PBXNativeTarget "PocClosures" */;
			buildPhases = (
				EBA6A1312B23274D0073B910 /* Sources */,
				EBA6A1322B23274D0073B910 /* Frameworks */,
				EBA6A1332B23274D0073B910 /* Resources */,
			);
			buildRules = (
			);
			dependencies = (
			);
			name = PocClosures;
			productName = PocClosures;
			productReference = EBA6A1352B23274D0073B910 /* PocClosures.app */;
			productType = "com.apple.product-type.application";
		};
/* End PBXNativeTarget section */

/* Begin PBXProject section */
		EBA6A12D2B23274D0073B910 /* Project object */ = {
			isa = PBXProject;
			attributes = {
				BuildIndependentTargetsInParallel = 1;
				LastSwiftUpdateCheck = 1430;
				LastUpgradeCheck = 1430;
				TargetAttributes = {
					EBA6A1342B23274D0073B910 = {
						CreatedOnToolsVersion = 14.3.1;
					};
				};
			};
			buildConfigurationList = EBA6A1302B23274D0073B910 /* Build configuration list for PBXProject "PocClosures" */;
			compatibilityVersion = "Xcode 14.0";
			developmentRegion = en;
			hasScannedForEncodings = 0;
			knownRegions = (
				en,
				Base,
			);
			mainGroup = EBA6A12C2B23274D0073B910;
			productRefGroup = EBA6A1362B23274D0073B910 /* Products */;
			projectDirPath = "";
			projectRoot = "";
			targets = (
				EBA6A1342B23274D0073B910 /* PocClosures */,
			);
		};
/* End PBXProject section */

/* Begin PBXResourcesBuildPhase section */
		EBA6A1332B23274D0073B910 /* Resources */ = {
			isa = PBXResourcesBuildPhase;
			buildActionMask = 2147483647;
			files = (
				EBA6A1572B23344C0073B910 /* Inter-Bold.ttf in Resources */,
				EBA6A1602B233D0C0073B910 /* Poppins-Bold.ttf in Resources */,
				EBA6A1542B23344C0073B910 /* Inter-SemiBold.ttf in Resources */,
				EBA6A1452B23274F0073B910 /* LaunchScreen.storyboard in Resources */,
				EBA6A1552B23344C0073B910 /* Inter-Light.ttf in Resources */,
				EBA6A1562B23344C0073B910 /* Inter-Medium.ttf in Resources */,
				EBA6A1422B23274F0073B910 /* Assets.xcassets in Resources */,
				EBA6A1582B23344C0073B910 /* Inter-Regular.ttf in Resources */,
				EBA6A15E2B233D050073B910 /* Poppins-Regular.ttf in Resources */,
			);
			runOnlyForDeploymentPostprocessing = 0;
		};
/* End PBXResourcesBuildPhase section */

/* Begin PBXSourcesBuildPhase section */
		EBA6A1312B23274D0073B910 /* Sources */ = {
			isa = PBXSourcesBuildPhase;
			buildActionMask = 2147483647;
			files = (
				EBA6A15C2B233A840073B910 /* Extension+Font.swift in Sources */,
				EBA6A13D2B23274D0073B910 /* HomeViewController.swift in Sources */,
				EBA6A14D2B2329280073B910 /* HomeView.swift in Sources */,
				EBA6A1392B23274D0073B910 /* AppDelegate.swift in Sources */,
				EBA6A13B2B23274D0073B910 /* SceneDelegate.swift in Sources */,
			);
			runOnlyForDeploymentPostprocessing = 0;
		};
/* End PBXSourcesBuildPhase section */

/* Begin PBXVariantGroup section */
		EBA6A1432B23274F0073B910 /* LaunchScreen.storyboard */ = {
			isa = PBXVariantGroup;
			children = (
				EBA6A1442B23274F0073B910 /* Base */,
			);
			name = LaunchScreen.storyboard;
			sourceTree = "<group>";
		};
/* End PBXVariantGroup section */

/* Begin XCBuildConfiguration section */
		EBA6A1472B23274F0073B910 /* Debug */ = {
			isa = XCBuildConfiguration;
			buildSettings = {
				ALWAYS_SEARCH_USER_PATHS = NO;
				CLANG_ANALYZER_NONNULL = YES;
				CLANG_ANALYZER_NUMBER_OBJECT_CONVERSION = YES_AGGRESSIVE;
				CLANG_CXX_LANGUAGE_STANDARD = "gnu++20";
				CLANG_ENABLE_MODULES = YES;
				CLANG_ENABLE_OBJC_ARC = YES;
				CLANG_ENABLE_OBJC_WEAK = YES;
				CLANG_WARN_BLOCK_CAPTURE_AUTORELEASING = YES;
				CLANG_WARN_BOOL_CONVERSION = YES;
				CLANG_WARN_COMMA = YES;
				CLANG_WARN_CONSTANT_CONVERSION = YES;
				CLANG_WARN_DEPRECATED_OBJC_IMPLEMENTATIONS = YES;
				CLANG_WARN_DIRECT_OBJC_ISA_USAGE = YES_ERROR;
				CLANG_WARN_DOCUMENTATION_COMMENTS = YES;
				CLANG_WARN_EMPTY_BODY = YES;
				CLANG_WARN_ENUM_CONVERSION = YES;
				CLANG_WARN_INFINITE_RECURSION = YES;
				CLANG_WARN_INT_CONVERSION = YES;
				CLANG_WARN_NON_LITERAL_NULL_CONVERSION = YES;
				CLANG_WARN_OBJC_IMPLICIT_RETAIN_SELF = YES;
				CLANG_WARN_OBJC_LITERAL_CONVERSION = YES;
				CLANG_WARN_OBJC_ROOT_CLASS = YES_ERROR;
				CLANG_WARN_QUOTED_INCLUDE_IN_FRAMEWORK_HEADER = YES;
				CLANG_WARN_RANGE_LOOP_ANALYSIS = YES;
				CLANG_WARN_STRICT_PROTOTYPES = YES;
				CLANG_WARN_SUSPICIOUS_MOVE = YES;
				CLANG_WARN_UNGUARDED_AVAILABILITY = YES_AGGRESSIVE;
				CLANG_WARN_UNREACHABLE_CODE = YES;
				CLANG_WARN__DUPLICATE_METHOD_MATCH = YES;
				COPY_PHASE_STRIP = NO;
				DEBUG_INFORMATION_FORMAT = dwarf;
				ENABLE_STRICT_OBJC_MSGSEND = YES;
				ENABLE_TESTABILITY = YES;
				GCC_C_LANGUAGE_STANDARD = gnu11;
				GCC_DYNAMIC_NO_PIC = NO;
				GCC_NO_COMMON_BLOCKS = YES;
				GCC_OPTIMIZATION_LEVEL = 0;
				GCC_PREPROCESSOR_DEFINITIONS = (
					"DEBUG=1",
					"$(inherited)",
				);
				GCC_WARN_64_TO_32_BIT_CONVERSION = YES;
				GCC_WARN_ABOUT_RETURN_TYPE = YES_ERROR;
				GCC_WARN_UNDECLARED_SELECTOR = YES;
				GCC_WARN_UNINITIALIZED_AUTOS = YES_AGGRESSIVE;
				GCC_WARN_UNUSED_FUNCTION = YES;
				GCC_WARN_UNUSED_VARIABLE = YES;
				IPHONEOS_DEPLOYMENT_TARGET = 16.4;
				MTL_ENABLE_DEBUG_INFO = INCLUDE_SOURCE;
				MTL_FAST_MATH = YES;
				ONLY_ACTIVE_ARCH = YES;
				SDKROOT = iphoneos;
				SWIFT_ACTIVE_COMPILATION_CONDITIONS = DEBUG;
				SWIFT_OPTIMIZATION_LEVEL = "-Onone";
			};
			name = Debug;
		};
		EBA6A1482B23274F0073B910 /* Release */ = {
			isa = XCBuildConfiguration;
			buildSettings = {
				ALWAYS_SEARCH_USER_PATHS = NO;
				CLANG_ANALYZER_NONNULL = YES;
				CLANG_ANALYZER_NUMBER_OBJECT_CONVERSION = YES_AGGRESSIVE;
				CLANG_CXX_LANGUAGE_STANDARD = "gnu++20";
				CLANG_ENABLE_MODULES = YES;
				CLANG_ENABLE_OBJC_ARC = YES;
				CLANG_ENABLE_OBJC_WEAK = YES;
				CLANG_WARN_BLOCK_CAPTURE_AUTORELEASING = YES;
				CLANG_WARN_BOOL_CONVERSION = YES;
				CLANG_WARN_COMMA = YES;
				CLANG_WARN_CONSTANT_CONVERSION = YES;
				CLANG_WARN_DEPRECATED_OBJC_IMPLEMENTATIONS = YES;
				CLANG_WARN_DIRECT_OBJC_ISA_USAGE = YES_ERROR;
				CLANG_WARN_DOCUMENTATION_COMMENTS = YES;
				CLANG_WARN_EMPTY_BODY = YES;
				CLANG_WARN_ENUM_CONVERSION = YES;
				CLANG_WARN_INFINITE_RECURSION = YES;
				CLANG_WARN_INT_CONVERSION = YES;
				CLANG_WARN_NON_LITERAL_NULL_CONVERSION = YES;
				CLANG_WARN_OBJC_IMPLICIT_RETAIN_SELF = YES;
				CLANG_WARN_OBJC_LITERAL_CONVERSION = YES;
				CLANG_WARN_OBJC_ROOT_CLASS = YES_ERROR;
				CLANG_WARN_QUOTED_INCLUDE_IN_FRAMEWORK_HEADER = YES;
				CLANG_WARN_RANGE_LOOP_ANALYSIS = YES;
				CLANG_WARN_STRICT_PROTOTYPES = YES;
				CLANG_WARN_SUSPICIOUS_MOVE = YES;
				CLANG_WARN_UNGUARDED_AVAILABILITY = YES_AGGRESSIVE;
				CLANG_WARN_UNREACHABLE_CODE = YES;
				CLANG_WARN__DUPLICATE_METHOD_MATCH = YES;
				COPY_PHASE_STRIP = NO;
				DEBUG_INFORMATION_FORMAT = "dwarf-with-dsym";
				ENABLE_NS_ASSERTIONS = NO;
				ENABLE_STRICT_OBJC_MSGSEND = YES;
				GCC_C_LANGUAGE_STANDARD = gnu11;
				GCC_NO_COMMON_BLOCKS = YES;
				GCC_WARN_64_TO_32_BIT_CONVERSION = YES;
				GCC_WARN_ABOUT_RETURN_TYPE = YES_ERROR;
				GCC_WARN_UNDECLARED_SELECTOR = YES;
				GCC_WARN_UNINITIALIZED_AUTOS = YES_AGGRESSIVE;
				GCC_WARN_UNUSED_FUNCTION = YES;
				GCC_WARN_UNUSED_VARIABLE = YES;
				IPHONEOS_DEPLOYMENT_TARGET = 16.4;
				MTL_ENABLE_DEBUG_INFO = NO;
				MTL_FAST_MATH = YES;
				SDKROOT = iphoneos;
				SWIFT_COMPILATION_MODE = wholemodule;
				SWIFT_OPTIMIZATION_LEVEL = "-O";
				VALIDATE_PRODUCT = YES;
			};
			name = Release;
		};
		EBA6A14A2B23274F0073B910 /* Debug */ = {
			isa = XCBuildConfiguration;
			buildSettings = {
				ASSETCATALOG_COMPILER_APPICON_NAME = AppIcon;
				ASSETCATALOG_COMPILER_GLOBAL_ACCENT_COLOR_NAME = AccentColor;
				CODE_SIGN_STYLE = Automatic;
				CURRENT_PROJECT_VERSION = 1;
				DEVELOPMENT_TEAM = FUQ4LQKC8Z;
				GENERATE_INFOPLIST_FILE = YES;
				INFOPLIST_FILE = PocClosures/Info.plist;
				INFOPLIST_KEY_LSApplicationCategoryType = "";
				INFOPLIST_KEY_UIApplicationSupportsIndirectInputEvents = YES;
				INFOPLIST_KEY_UILaunchStoryboardName = LaunchScreen;
				INFOPLIST_KEY_UISupportedInterfaceOrientations_iPad = "UIInterfaceOrientationPortrait UIInterfaceOrientationPortraitUpsideDown UIInterfaceOrientationLandscapeLeft UIInterfaceOrientationLandscapeRight";
				INFOPLIST_KEY_UISupportedInterfaceOrientations_iPhone = "UIInterfaceOrientationPortrait UIInterfaceOrientationLandscapeLeft UIInterfaceOrientationLandscapeRight";
				LD_RUNPATH_SEARCH_PATHS = (
					"$(inherited)",
					"@executable_path/Frameworks",
				);
				MARKETING_VERSION = 1.0;
				PRODUCT_BUNDLE_IDENTIFIER = felipedev.PocClosures;
				PRODUCT_NAME = "$(TARGET_NAME)";
				SWIFT_EMIT_LOC_STRINGS = YES;
				SWIFT_VERSION = 5.0;
				TARGETED_DEVICE_FAMILY = "1,2";
			};
			name = Debug;
		};
		EBA6A14B2B23274F0073B910 /* Release */ = {
			isa = XCBuildConfiguration;
			buildSettings = {
				ASSETCATALOG_COMPILER_APPICON_NAME = AppIcon;
				ASSETCATALOG_COMPILER_GLOBAL_ACCENT_COLOR_NAME = AccentColor;
				CODE_SIGN_STYLE = Automatic;
				CURRENT_PROJECT_VERSION = 1;
				DEVELOPMENT_TEAM = FUQ4LQKC8Z;
				GENERATE_INFOPLIST_FILE = YES;
				INFOPLIST_FILE = PocClosures/Info.plist;
				INFOPLIST_KEY_LSApplicationCategoryType = "";
				INFOPLIST_KEY_UIApplicationSupportsIndirectInputEvents = YES;
				INFOPLIST_KEY_UILaunchStoryboardName = LaunchScreen;
				INFOPLIST_KEY_UISupportedInterfaceOrientations_iPad = "UIInterfaceOrientationPortrait UIInterfaceOrientationPortraitUpsideDown UIInterfaceOrientationLandscapeLeft UIInterfaceOrientationLandscapeRight";
				INFOPLIST_KEY_UISupportedInterfaceOrientations_iPhone = "UIInterfaceOrientationPortrait UIInterfaceOrientationLandscapeLeft UIInterfaceOrientationLandscapeRight";
				LD_RUNPATH_SEARCH_PATHS = (
					"$(inherited)",
					"@executable_path/Frameworks",
				);
				MARKETING_VERSION = 1.0;
				PRODUCT_BUNDLE_IDENTIFIER = felipedev.PocClosures;
				PRODUCT_NAME = "$(TARGET_NAME)";
				SWIFT_EMIT_LOC_STRINGS = YES;
				SWIFT_VERSION = 5.0;
				TARGETED_DEVICE_FAMILY = "1,2";
			};
			name = Release;
		};
/* End XCBuildConfiguration section */

/* Begin XCConfigurationList section */
		EBA6A1302B23274D0073B910 /* Build configuration list for PBXProject "PocClosures" */ = {
			isa = XCConfigurationList;
			buildConfigurations = (
				EBA6A1472B23274F0073B910 /* Debug */,
				EBA6A1482B23274F0073B910 /* Release */,
			);
			defaultConfigurationIsVisible = 0;
			defaultConfigurationName = Release;
		};
		EBA6A1492B23274F0073B910 /* Build configuration list for PBXNativeTarget "PocClosures" */ = {
			isa = XCConfigurationList;
			buildConfigurations = (
				EBA6A14A2B23274F0073B910 /* Debug */,
				EBA6A14B2B23274F0073B910 /* Release */,
			);
			defaultConfigurationIsVisible = 0;
			defaultConfigurationName = Release;
		};
/* End XCConfigurationList section */
	};
	rootObject = EBA6A12D2B23274D0073B910 /* Project object */;
}
